dependencies:
- name: ingress-nginx
  repository: cm://app.plural.sh/cm/ingress-nginx
  version: 0.1.14
- name: ingress-nginx-private
  repository: cm://app.plural.sh/cm/ingress-nginx
  version: 0.1.18
digest: sha256:42feb1431e2cbfd7d390f4faa68f33ceafe5b1bcdfd1e76ebe8068a0234e23ab
generated: "2023-06-02T17:19:38.822222206Z"
